{
  "name": "{{ project-name }}",
  "version": "1.0.0",
  "lockfileVersion": 2,
  "requires": true,
  "packages": {
    "": {
      "name": "{{ project-name }}",
      "version": "1.0.0",
      "license": "MIT",
      "dependencies": {
        "itty-router": "^2.6.1"
      },
      "devDependencies": {
        "prettier": "^1.18.2"
      }
    },
    "node_modules/itty-router": {
      "version": "2.6.6",
      "resolved": "https://registry.npmjs.org/itty-router/-/itty-router-2.6.6.tgz",
      "integrity": "sha512-hIPHtXGymCX7Lzb2I4G6JgZFE4QEEQwst9GORK7sMYUpJvLfy4yZJr95r04e8DzoAnj6HcxM2m4TbK+juu+18g=="
    },
    "node_modules/prettier": {
      "version": "1.19.1",
      "resolved": "https://registry.npmjs.org/prettier/-/prettier-1.19.1.tgz",
      "integrity": "sha512-s7PoyDv/II1ObgQunCbB9PdLmUcBZcnWOcxDh7O0N/UwDEsHyqkW+Qh28jW+mVuCdx7gLB0BotYI1Y6uI9iyew==",
      "dev": true,
      "bin": {
        "prettier": "bin-prettier.js"
      },
      "engines": {
        "node": ">=4"
      }
    }
  },
  "dependencies": {
    "itty-router": {
      "version": "2.6.6",
      "resolved": "https://registry.npmjs.org/itty-router/-/itty-router-2.6.6.tgz",
      "integrity": "sha512-hIPHtXGymCX7Lzb2I4G6JgZFE4QEEQwst9GORK7sMYUpJvLfy4yZJr95r04e8DzoAnj6HcxM2m4TbK+juu+18g=="
    },
    "prettier": {
      "version": "1.19.1",
      "resolved": "https://registry.npmjs.org/prettier/-/prettier-1.19.1.tgz",
      "integrity": "sha512-s7PoyDv/II1ObgQunCbB9PdLmUcBZcnWOcxDh7O0N/UwDEsHyqkW+Qh28jW+mVuCdx7gLB0BotYI1Y6uI9iyew==",
      "dev": true
    }
  }
}
